<?xml version="1.0" encoding="UTF-8"?>
<!DOCTYPE plist PUBLIC "-//Apple//DTD PLIST 1.0//EN" "http://www.apple.com/DTDs/PropertyList-1.0.dtd">
<plist version="1.0">
<dict>
	<key>archiveVersion</key>
	<string>1</string>
	<key>classes</key>
	<dict/>
	<key>objectVersion</key>
	<string>46</string>
	<key>objects</key>
	<dict>
		<key>0F5ED3A0C73B4FD21F25684E</key>
		<dict>
			<key>buildActionMask</key>
			<string>2147483647</string>
			<key>files</key>
			<array/>
			<key>inputPaths</key>
			<array/>
			<key>isa</key>
			<string>PBXShellScriptBuildPhase</string>
			<key>name</key>
			<string>Check Pods Manifest.lock</string>
			<key>outputPaths</key>
			<array/>
			<key>runOnlyForDeploymentPostprocessing</key>
			<string>0</string>
			<key>shellPath</key>
			<string>/bin/sh</string>
			<key>shellScript</key>
			<string>diff "${PODS_ROOT}/../Podfile.lock" "${PODS_ROOT}/Manifest.lock" &gt; /dev/null
if [[ $? != 0 ]] ; then
    cat &lt;&lt; EOM
error: The sandbox is not in sync with the Podfile.lock. Run 'pod install' or update your CocoaPods installation.
EOM
    exit 1
fi
</string>
			<key>showEnvVarsInLog</key>
			<string>0</string>
		</dict>
		<key>2182BFECA382990C3882E554</key>
		<dict>
			<key>explicitFileType</key>
			<string>wrapper.framework</string>
			<key>includeInIndex</key>
			<string>0</string>
			<key>isa</key>
			<string>PBXFileReference</string>
			<key>path</key>
			<string>Pods_YourBasicMessenger.framework</string>
			<key>sourceTree</key>
			<string>BUILT_PRODUCTS_DIR</string>
		</dict>
		<key>2689E9641CCF74BB007DEE18</key>
		<dict>
			<key>children</key>
			<array>
				<string>2689E96F1CCF74BB007DEE18</string>
				<string>2689E96E1CCF74BB007DEE18</string>
				<string>EA2EC8798763185CB9A40D75</string>
				<string>3057A4EF702191D217BE361B</string>
			</array>
			<key>isa</key>
			<string>PBXGroup</string>
			<key>sourceTree</key>
			<string>&lt;group&gt;</string>
		</dict>
		<key>2689E9651CCF74BB007DEE18</key>
		<dict>
			<key>attributes</key>
			<dict>
				<key>LastSwiftUpdateCheck</key>
				<string>0730</string>
				<key>LastUpgradeCheck</key>
				<string>0730</string>
				<key>ORGANIZATIONNAME</key>
				<string>Kevin Wolkober</string>
				<key>TargetAttributes</key>
				<dict>
					<key>2689E96C1CCF74BB007DEE18</key>
					<dict>
						<key>CreatedOnToolsVersion</key>
						<string>7.3</string>
					</dict>
				</dict>
			</dict>
			<key>buildConfigurationList</key>
			<string>2689E9681CCF74BB007DEE18</string>
			<key>compatibilityVersion</key>
			<string>Xcode 3.2</string>
			<key>developmentRegion</key>
			<string>English</string>
			<key>hasScannedForEncodings</key>
			<string>0</string>
			<key>isa</key>
			<string>PBXProject</string>
			<key>knownRegions</key>
			<array>
				<string>en</string>
				<string>Base</string>
			</array>
			<key>mainGroup</key>
			<string>2689E9641CCF74BB007DEE18</string>
			<key>productRefGroup</key>
			<string>2689E96E1CCF74BB007DEE18</string>
			<key>projectDirPath</key>
			<string></string>
			<key>projectReferences</key>
			<array/>
			<key>projectRoot</key>
			<string></string>
			<key>targets</key>
			<array>
				<string>2689E96C1CCF74BB007DEE18</string>
			</array>
		</dict>
		<key>2689E9681CCF74BB007DEE18</key>
		<dict>
			<key>buildConfigurations</key>
			<array>
				<string>2689E97F1CCF74BB007DEE18</string>
				<string>2689E9801CCF74BB007DEE18</string>
			</array>
			<key>defaultConfigurationIsVisible</key>
			<string>0</string>
			<key>defaultConfigurationName</key>
			<string>Release</string>
			<key>isa</key>
			<string>XCConfigurationList</string>
		</dict>
		<key>2689E9691CCF74BB007DEE18</key>
		<dict>
			<key>buildActionMask</key>
			<string>2147483647</string>
			<key>files</key>
			<array>
				<string>26B236FE1CD0492800126756</string>
				<string>2689E9751CCF74BB007DEE18</string>
				<string>2689E9731CCF74BB007DEE18</string>
				<string>2689E9891CCF7708007DEE18</string>
				<string>26B236FB1CD03F5D00126756</string>
				<string>2689E98B1CCF7741007DEE18</string>
				<string>26B237061CD04E5F00126756</string>
				<string>26B237021CD04D6D00126756</string>
				<string>2689E9911CCF7A28007DEE18</string>
				<string>26B237091CD0556100126756</string>
				<string>2689E9711CCF74BB007DEE18</string>
				<string>26B237041CD04E0D00126756</string>
				<string>26B237001CD04CAE00126756</string>
			</array>
			<key>isa</key>
			<string>PBXSourcesBuildPhase</string>
			<key>runOnlyForDeploymentPostprocessing</key>
			<string>0</string>
		</dict>
		<key>2689E96A1CCF74BB007DEE18</key>
		<dict>
			<key>buildActionMask</key>
			<string>2147483647</string>
			<key>files</key>
			<array>
				<string>57F88C623D6E020A3B2E157B</string>
				<string>BCB03F255B375CD75B6C3F9F</string>
			</array>
			<key>isa</key>
			<string>PBXFrameworksBuildPhase</string>
			<key>runOnlyForDeploymentPostprocessing</key>
			<string>0</string>
		</dict>
		<key>2689E96B1CCF74BB007DEE18</key>
		<dict>
			<key>buildActionMask</key>
			<string>2147483647</string>
			<key>files</key>
			<array>
				<string>2689E97D1CCF74BB007DEE18</string>
				<string>2689E97A1CCF74BB007DEE18</string>
				<string>2689E9781CCF74BB007DEE18</string>
				<string>26A805E21CD06A8600B5237C</string>
			</array>
			<key>isa</key>
			<string>PBXResourcesBuildPhase</string>
			<key>runOnlyForDeploymentPostprocessing</key>
			<string>0</string>
		</dict>
		<key>2689E96C1CCF74BB007DEE18</key>
		<dict>
			<key>buildConfigurationList</key>
			<string>2689E9811CCF74BB007DEE18</string>
			<key>buildPhases</key>
			<array>
				<string>0F5ED3A0C73B4FD21F25684E</string>
				<string>2689E9691CCF74BB007DEE18</string>
				<string>2689E96A1CCF74BB007DEE18</string>
				<string>2689E96B1CCF74BB007DEE18</string>
				<string>DE52C924DD6B1E5A8C910AA8</string>
				<string>CDF3EF86D9C3314CA563A7C4</string>
			</array>
			<key>buildRules</key>
			<array/>
			<key>dependencies</key>
			<array/>
			<key>isa</key>
			<string>PBXNativeTarget</string>
			<key>name</key>
			<string>YourBasicMessenger</string>
			<key>productName</key>
			<string>YourBasicMessenger</string>
			<key>productReference</key>
			<string>2689E96D1CCF74BB007DEE18</string>
			<key>productType</key>
			<string>com.apple.product-type.application</string>
		</dict>
		<key>2689E96D1CCF74BB007DEE18</key>
		<dict>
			<key>explicitFileType</key>
			<string>wrapper.application</string>
			<key>includeInIndex</key>
			<string>0</string>
			<key>isa</key>
			<string>PBXFileReference</string>
			<key>path</key>
			<string>YourBasicMessenger.app</string>
			<key>sourceTree</key>
			<string>BUILT_PRODUCTS_DIR</string>
		</dict>
		<key>2689E96E1CCF74BB007DEE18</key>
		<dict>
			<key>children</key>
			<array>
				<string>2689E96D1CCF74BB007DEE18</string>
			</array>
			<key>isa</key>
			<string>PBXGroup</string>
			<key>name</key>
			<string>Products</string>
			<key>sourceTree</key>
			<string>&lt;group&gt;</string>
		</dict>
		<key>2689E96F1CCF74BB007DEE18</key>
		<dict>
			<key>children</key>
			<array>
				<string>26B236FC1CD048F200126756</string>
				<string>26B236F91CD03F4600126756</string>
				<string>2689E98F1CCF79FC007DEE18</string>
				<string>2689E98C1CCF77F2007DEE18</string>
				<string>2689E9861CCF76CE007DEE18</string>
				<string>2689E9701CCF74BB007DEE18</string>
				<string>2689E9721CCF74BB007DEE18</string>
				<string>2689E9741CCF74BB007DEE18</string>
				<string>2689E9761CCF74BB007DEE18</string>
				<string>2689E9791CCF74BB007DEE18</string>
				<string>2689E97B1CCF74BB007DEE18</string>
				<string>2689E97E1CCF74BB007DEE18</string>
				<string>26B236FF1CD04CAE00126756</string>
				<string>26B237051CD04E5F00126756</string>
			</array>
			<key>isa</key>
			<string>PBXGroup</string>
			<key>path</key>
			<string>YourBasicMessenger</string>
			<key>sourceTree</key>
			<string>&lt;group&gt;</string>
		</dict>
		<key>2689E9701CCF74BB007DEE18</key>
		<dict>
			<key>isa</key>
			<string>PBXFileReference</string>
			<key>lastKnownFileType</key>
			<string>sourcecode.swift</string>
			<key>path</key>
			<string>AppDelegate.swift</string>
			<key>sourceTree</key>
			<string>&lt;group&gt;</string>
		</dict>
		<key>2689E9711CCF74BB007DEE18</key>
		<dict>
			<key>fileRef</key>
			<string>2689E9701CCF74BB007DEE18</string>
			<key>isa</key>
			<string>PBXBuildFile</string>
		</dict>
		<key>2689E9721CCF74BB007DEE18</key>
		<dict>
			<key>isa</key>
			<string>PBXFileReference</string>
			<key>lastKnownFileType</key>
			<string>sourcecode.swift</string>
			<key>path</key>
			<string>MasterViewController.swift</string>
			<key>sourceTree</key>
			<string>&lt;group&gt;</string>
		</dict>
		<key>2689E9731CCF74BB007DEE18</key>
		<dict>
			<key>fileRef</key>
			<string>2689E9721CCF74BB007DEE18</string>
			<key>isa</key>
			<string>PBXBuildFile</string>
		</dict>
		<key>2689E9741CCF74BB007DEE18</key>
		<dict>
			<key>isa</key>
			<string>PBXFileReference</string>
			<key>lastKnownFileType</key>
			<string>sourcecode.swift</string>
			<key>path</key>
			<string>DetailViewController.swift</string>
			<key>sourceTree</key>
			<string>&lt;group&gt;</string>
		</dict>
		<key>2689E9751CCF74BB007DEE18</key>
		<dict>
			<key>fileRef</key>
			<string>2689E9741CCF74BB007DEE18</string>
			<key>isa</key>
			<string>PBXBuildFile</string>
		</dict>
		<key>2689E9761CCF74BB007DEE18</key>
		<dict>
			<key>children</key>
			<array>
				<string>2689E9771CCF74BB007DEE18</string>
			</array>
			<key>isa</key>
			<string>PBXVariantGroup</string>
			<key>name</key>
			<string>Main.storyboard</string>
			<key>sourceTree</key>
			<string>&lt;group&gt;</string>
		</dict>
		<key>2689E9771CCF74BB007DEE18</key>
		<dict>
			<key>isa</key>
			<string>PBXFileReference</string>
			<key>lastKnownFileType</key>
			<string>file.storyboard</string>
			<key>name</key>
			<string>Base</string>
			<key>path</key>
			<string>Base.lproj/Main.storyboard</string>
			<key>sourceTree</key>
			<string>&lt;group&gt;</string>
		</dict>
		<key>2689E9781CCF74BB007DEE18</key>
		<dict>
			<key>fileRef</key>
			<string>2689E9761CCF74BB007DEE18</string>
			<key>isa</key>
			<string>PBXBuildFile</string>
		</dict>
		<key>2689E9791CCF74BB007DEE18</key>
		<dict>
			<key>isa</key>
			<string>PBXFileReference</string>
			<key>lastKnownFileType</key>
			<string>folder.assetcatalog</string>
			<key>path</key>
			<string>Assets.xcassets</string>
			<key>sourceTree</key>
			<string>&lt;group&gt;</string>
		</dict>
		<key>2689E97A1CCF74BB007DEE18</key>
		<dict>
			<key>fileRef</key>
			<string>2689E9791CCF74BB007DEE18</string>
			<key>isa</key>
			<string>PBXBuildFile</string>
		</dict>
		<key>2689E97B1CCF74BB007DEE18</key>
		<dict>
			<key>children</key>
			<array>
				<string>2689E97C1CCF74BB007DEE18</string>
			</array>
			<key>isa</key>
			<string>PBXVariantGroup</string>
			<key>name</key>
			<string>LaunchScreen.storyboard</string>
			<key>sourceTree</key>
			<string>&lt;group&gt;</string>
		</dict>
		<key>2689E97C1CCF74BB007DEE18</key>
		<dict>
			<key>isa</key>
			<string>PBXFileReference</string>
			<key>lastKnownFileType</key>
			<string>file.storyboard</string>
			<key>name</key>
			<string>Base</string>
			<key>path</key>
			<string>Base.lproj/LaunchScreen.storyboard</string>
			<key>sourceTree</key>
			<string>&lt;group&gt;</string>
		</dict>
		<key>2689E97D1CCF74BB007DEE18</key>
		<dict>
			<key>fileRef</key>
			<string>2689E97B1CCF74BB007DEE18</string>
			<key>isa</key>
			<string>PBXBuildFile</string>
		</dict>
		<key>2689E97E1CCF74BB007DEE18</key>
		<dict>
			<key>isa</key>
			<string>PBXFileReference</string>
			<key>lastKnownFileType</key>
			<string>text.plist.xml</string>
			<key>path</key>
			<string>Info.plist</string>
			<key>sourceTree</key>
			<string>&lt;group&gt;</string>
		</dict>
		<key>2689E97F1CCF74BB007DEE18</key>
		<dict>
			<key>buildSettings</key>
			<dict>
				<key>ALWAYS_SEARCH_USER_PATHS</key>
				<string>NO</string>
				<key>CLANG_ANALYZER_NONNULL</key>
				<string>YES</string>
				<key>CLANG_CXX_LANGUAGE_STANDARD</key>
				<string>gnu++0x</string>
				<key>CLANG_CXX_LIBRARY</key>
				<string>libc++</string>
				<key>CLANG_ENABLE_MODULES</key>
				<string>YES</string>
				<key>CLANG_ENABLE_OBJC_ARC</key>
				<string>YES</string>
				<key>CLANG_WARN_BOOL_CONVERSION</key>
				<string>YES</string>
				<key>CLANG_WARN_CONSTANT_CONVERSION</key>
				<string>YES</string>
				<key>CLANG_WARN_DIRECT_OBJC_ISA_USAGE</key>
				<string>YES_ERROR</string>
				<key>CLANG_WARN_EMPTY_BODY</key>
				<string>YES</string>
				<key>CLANG_WARN_ENUM_CONVERSION</key>
				<string>YES</string>
				<key>CLANG_WARN_INT_CONVERSION</key>
				<string>YES</string>
				<key>CLANG_WARN_OBJC_ROOT_CLASS</key>
				<string>YES_ERROR</string>
				<key>CLANG_WARN_UNREACHABLE_CODE</key>
				<string>YES</string>
				<key>CLANG_WARN__DUPLICATE_METHOD_MATCH</key>
				<string>YES</string>
				<key>CODE_SIGN_IDENTITY[sdk=iphoneos*]</key>
				<string>iPhone Developer</string>
				<key>COPY_PHASE_STRIP</key>
				<string>NO</string>
				<key>DEBUG_INFORMATION_FORMAT</key>
				<string>dwarf</string>
				<key>ENABLE_STRICT_OBJC_MSGSEND</key>
				<string>YES</string>
				<key>ENABLE_TESTABILITY</key>
				<string>YES</string>
				<key>GCC_C_LANGUAGE_STANDARD</key>
				<string>gnu99</string>
				<key>GCC_DYNAMIC_NO_PIC</key>
				<string>NO</string>
				<key>GCC_NO_COMMON_BLOCKS</key>
				<string>YES</string>
				<key>GCC_OPTIMIZATION_LEVEL</key>
				<string>0</string>
				<key>GCC_PREPROCESSOR_DEFINITIONS</key>
				<array>
					<string>DEBUG=1</string>
					<string>$(inherited)</string>
				</array>
				<key>GCC_WARN_64_TO_32_BIT_CONVERSION</key>
				<string>YES</string>
				<key>GCC_WARN_ABOUT_RETURN_TYPE</key>
				<string>YES_ERROR</string>
				<key>GCC_WARN_UNDECLARED_SELECTOR</key>
				<string>YES</string>
				<key>GCC_WARN_UNINITIALIZED_AUTOS</key>
				<string>YES_AGGRESSIVE</string>
				<key>GCC_WARN_UNUSED_FUNCTION</key>
				<string>YES</string>
				<key>GCC_WARN_UNUSED_VARIABLE</key>
				<string>YES</string>
				<key>IPHONEOS_DEPLOYMENT_TARGET</key>
				<string>9.3</string>
				<key>MTL_ENABLE_DEBUG_INFO</key>
				<string>YES</string>
				<key>ONLY_ACTIVE_ARCH</key>
				<string>YES</string>
				<key>SDKROOT</key>
				<string>iphoneos</string>
				<key>SWIFT_OPTIMIZATION_LEVEL</key>
				<string>-Onone</string>
				<key>TARGETED_DEVICE_FAMILY</key>
				<string>1,2</string>
			</dict>
			<key>isa</key>
			<string>XCBuildConfiguration</string>
			<key>name</key>
			<string>Debug</string>
		</dict>
		<key>2689E9801CCF74BB007DEE18</key>
		<dict>
			<key>buildSettings</key>
			<dict>
				<key>ALWAYS_SEARCH_USER_PATHS</key>
				<string>NO</string>
				<key>CLANG_ANALYZER_NONNULL</key>
				<string>YES</string>
				<key>CLANG_CXX_LANGUAGE_STANDARD</key>
				<string>gnu++0x</string>
				<key>CLANG_CXX_LIBRARY</key>
				<string>libc++</string>
				<key>CLANG_ENABLE_MODULES</key>
				<string>YES</string>
				<key>CLANG_ENABLE_OBJC_ARC</key>
				<string>YES</string>
				<key>CLANG_WARN_BOOL_CONVERSION</key>
				<string>YES</string>
				<key>CLANG_WARN_CONSTANT_CONVERSION</key>
				<string>YES</string>
				<key>CLANG_WARN_DIRECT_OBJC_ISA_USAGE</key>
				<string>YES_ERROR</string>
				<key>CLANG_WARN_EMPTY_BODY</key>
				<string>YES</string>
				<key>CLANG_WARN_ENUM_CONVERSION</key>
				<string>YES</string>
				<key>CLANG_WARN_INT_CONVERSION</key>
				<string>YES</string>
				<key>CLANG_WARN_OBJC_ROOT_CLASS</key>
				<string>YES_ERROR</string>
				<key>CLANG_WARN_UNREACHABLE_CODE</key>
				<string>YES</string>
				<key>CLANG_WARN__DUPLICATE_METHOD_MATCH</key>
				<string>YES</string>
				<key>CODE_SIGN_IDENTITY[sdk=iphoneos*]</key>
				<string>iPhone Developer</string>
				<key>COPY_PHASE_STRIP</key>
				<string>NO</string>
				<key>DEBUG_INFORMATION_FORMAT</key>
				<string>dwarf-with-dsym</string>
				<key>ENABLE_NS_ASSERTIONS</key>
				<string>NO</string>
				<key>ENABLE_STRICT_OBJC_MSGSEND</key>
				<string>YES</string>
				<key>GCC_C_LANGUAGE_STANDARD</key>
				<string>gnu99</string>
				<key>GCC_NO_COMMON_BLOCKS</key>
				<string>YES</string>
				<key>GCC_WARN_64_TO_32_BIT_CONVERSION</key>
				<string>YES</string>
				<key>GCC_WARN_ABOUT_RETURN_TYPE</key>
				<string>YES_ERROR</string>
				<key>GCC_WARN_UNDECLARED_SELECTOR</key>
				<string>YES</string>
				<key>GCC_WARN_UNINITIALIZED_AUTOS</key>
				<string>YES_AGGRESSIVE</string>
				<key>GCC_WARN_UNUSED_FUNCTION</key>
				<string>YES</string>
				<key>GCC_WARN_UNUSED_VARIABLE</key>
				<string>YES</string>
				<key>IPHONEOS_DEPLOYMENT_TARGET</key>
				<string>9.3</string>
				<key>MTL_ENABLE_DEBUG_INFO</key>
				<string>NO</string>
				<key>SDKROOT</key>
				<string>iphoneos</string>
				<key>TARGETED_DEVICE_FAMILY</key>
				<string>1,2</string>
				<key>VALIDATE_PRODUCT</key>
				<string>YES</string>
			</dict>
			<key>isa</key>
			<string>XCBuildConfiguration</string>
			<key>name</key>
			<string>Release</string>
		</dict>
		<key>2689E9811CCF74BB007DEE18</key>
		<dict>
			<key>buildConfigurations</key>
			<array>
				<string>2689E9821CCF74BB007DEE18</string>
				<string>2689E9831CCF74BB007DEE18</string>
			</array>
			<key>defaultConfigurationIsVisible</key>
			<string>0</string>
			<key>defaultConfigurationName</key>
			<string>Release</string>
			<key>isa</key>
			<string>XCConfigurationList</string>
		</dict>
		<key>2689E9821CCF74BB007DEE18</key>
		<dict>
			<key>baseConfigurationReference</key>
			<string>B608B7B1ADB75A9D7C351DEB</string>
			<key>buildSettings</key>
			<dict>
				<key>ASSETCATALOG_COMPILER_APPICON_NAME</key>
				<string>AppIcon</string>
				<key>INFOPLIST_FILE</key>
				<string>YourBasicMessenger/Info.plist</string>
				<key>LD_RUNPATH_SEARCH_PATHS</key>
				<string>$(inherited) @executable_path/Frameworks</string>
				<key>PRODUCT_BUNDLE_IDENTIFIER</key>
				<string>com.kevinwolkober.YourBasicMessenger</string>
				<key>PRODUCT_NAME</key>
				<string>YourBasicMessenger</string>
			</dict>
			<key>isa</key>
			<string>XCBuildConfiguration</string>
			<key>name</key>
			<string>Debug</string>
		</dict>
		<key>2689E9831CCF74BB007DEE18</key>
		<dict>
			<key>baseConfigurationReference</key>
			<string>CDA782430966773643903EC3</string>
			<key>buildSettings</key>
			<dict>
				<key>ASSETCATALOG_COMPILER_APPICON_NAME</key>
				<string>AppIcon</string>
				<key>INFOPLIST_FILE</key>
				<string>YourBasicMessenger/Info.plist</string>
				<key>LD_RUNPATH_SEARCH_PATHS</key>
				<string>$(inherited) @executable_path/Frameworks</string>
				<key>PRODUCT_BUNDLE_IDENTIFIER</key>
				<string>com.kevinwolkober.YourBasicMessenger</string>
				<key>PRODUCT_NAME</key>
				<string>YourBasicMessenger</string>
			</dict>
			<key>isa</key>
			<string>XCBuildConfiguration</string>
			<key>name</key>
			<string>Release</string>
		</dict>
		<key>2689E9861CCF76CE007DEE18</key>
		<dict>
			<key>children</key>
			<array>
				<string>26B237071CD0551000126756</string>
				<string>2689E9871CCF76E4007DEE18</string>
			</array>
			<key>isa</key>
			<string>PBXGroup</string>
			<key>path</key>
			<string>Modules</string>
			<key>sourceTree</key>
			<string>&lt;group&gt;</string>
		</dict>
		<key>2689E9871CCF76E4007DEE18</key>
		<dict>
			<key>children</key>
			<array>
				<string>2689E9881CCF7708007DEE18</string>
				<string>26B237011CD04D6D00126756</string>
				<string>26B237031CD04E0D00126756</string>
				<string>2689E98A1CCF7741007DEE18</string>
			</array>
			<key>isa</key>
			<string>PBXGroup</string>
			<key>path</key>
			<string>List</string>
			<key>sourceTree</key>
			<string>&lt;group&gt;</string>
		</dict>
		<key>2689E9881CCF7708007DEE18</key>
		<dict>
			<key>fileEncoding</key>
			<string>4</string>
			<key>isa</key>
			<string>PBXFileReference</string>
			<key>lastKnownFileType</key>
			<string>sourcecode.swift</string>
			<key>path</key>
			<string>MessageListViewController.swift</string>
			<key>sourceTree</key>
			<string>&lt;group&gt;</string>
		</dict>
		<key>2689E9891CCF7708007DEE18</key>
		<dict>
			<key>fileRef</key>
			<string>2689E9881CCF7708007DEE18</string>
			<key>isa</key>
			<string>PBXBuildFile</string>
		</dict>
		<key>2689E98A1CCF7741007DEE18</key>
		<dict>
			<key>fileEncoding</key>
			<string>4</string>
			<key>isa</key>
			<string>PBXFileReference</string>
			<key>lastKnownFileType</key>
			<string>sourcecode.swift</string>
			<key>path</key>
			<string>MessageListMailCell.swift</string>
			<key>sourceTree</key>
			<string>&lt;group&gt;</string>
		</dict>
		<key>2689E98B1CCF7741007DEE18</key>
		<dict>
			<key>fileRef</key>
			<string>2689E98A1CCF7741007DEE18</string>
			<key>isa</key>
			<string>PBXBuildFile</string>
		</dict>
		<key>2689E98C1CCF77F2007DEE18</key>
		<dict>
			<key>children</key>
			<array>
				<string>26A805E11CD06A8600B5237C</string>
			</array>
			<key>isa</key>
			<string>PBXGroup</string>
			<key>path</key>
			<string>Resources</string>
			<key>sourceTree</key>
			<string>&lt;group&gt;</string>
		</dict>
		<key>2689E98F1CCF79FC007DEE18</key>
		<dict>
			<key>children</key>
			<array>
				<string>2689E9901CCF7A28007DEE18</string>
			</array>
			<key>isa</key>
			<string>PBXGroup</string>
			<key>path</key>
			<string>Models</string>
			<key>sourceTree</key>
			<string>&lt;group&gt;</string>
		</dict>
		<key>2689E9901CCF7A28007DEE18</key>
		<dict>
			<key>fileEncoding</key>
			<string>4</string>
			<key>isa</key>
			<string>PBXFileReference</string>
			<key>lastKnownFileType</key>
			<string>sourcecode.swift</string>
			<key>path</key>
			<string>MailMessage.swift</string>
			<key>sourceTree</key>
			<string>&lt;group&gt;</string>
		</dict>
		<key>2689E9911CCF7A28007DEE18</key>
		<dict>
			<key>fileRef</key>
			<string>2689E9901CCF7A28007DEE18</string>
			<key>isa</key>
			<string>PBXBuildFile</string>
		</dict>
		<key>26A805E11CD06A8600B5237C</key>
		<dict>
			<key>fileEncoding</key>
			<string>4</string>
			<key>isa</key>
			<string>PBXFileReference</string>
			<key>lastKnownFileType</key>
			<string>text.plist.xml</string>
			<key>path</key>
			<string>MailDataSource.plist</string>
			<key>sourceTree</key>
			<string>&lt;group&gt;</string>
		</dict>
		<key>26A805E21CD06A8600B5237C</key>
		<dict>
			<key>fileRef</key>
			<string>26A805E11CD06A8600B5237C</string>
			<key>isa</key>
			<string>PBXBuildFile</string>
		</dict>
		<key>26B236F91CD03F4600126756</key>
		<dict>
			<key>children</key>
			<array>
				<string>26B236FA1CD03F5D00126756</string>
			</array>
			<key>isa</key>
			<string>PBXGroup</string>
			<key>path</key>
			<string>Protocols</string>
			<key>sourceTree</key>
			<string>&lt;group&gt;</string>
		</dict>
		<key>26B236FA1CD03F5D00126756</key>
		<dict>
			<key>fileEncoding</key>
			<string>4</string>
			<key>isa</key>
			<string>PBXFileReference</string>
			<key>lastKnownFileType</key>
			<string>sourcecode.swift</string>
			<key>path</key>
			<string>ConfigurableCell.swift</string>
			<key>sourceTree</key>
			<string>&lt;group&gt;</string>
		</dict>
		<key>26B236FB1CD03F5D00126756</key>
		<dict>
			<key>fileRef</key>
			<string>26B236FA1CD03F5D00126756</string>
			<key>isa</key>
			<string>PBXBuildFile</string>
		</dict>
		<key>26B236FC1CD048F200126756</key>
		<dict>
			<key>children</key>
			<array>
				<string>26B236FD1CD0492800126756</string>
			</array>
			<key>isa</key>
			<string>PBXGroup</string>
			<key>path</key>
			<string>Extensions</string>
			<key>sourceTree</key>
			<string>&lt;group&gt;</string>
		</dict>
		<key>26B236FD1CD0492800126756</key>
		<dict>
			<key>fileEncoding</key>
			<string>4</string>
			<key>isa</key>
			<string>PBXFileReference</string>
			<key>lastKnownFileType</key>
			<string>sourcecode.swift</string>
			<key>path</key>
			<string>ClassName+YBM.swift</string>
			<key>sourceTree</key>
			<string>&lt;group&gt;</string>
		</dict>
		<key>26B236FE1CD0492800126756</key>
		<dict>
			<key>fileRef</key>
			<string>26B236FD1CD0492800126756</string>
			<key>isa</key>
			<string>PBXBuildFile</string>
		</dict>
		<key>26B236FF1CD04CAE00126756</key>
		<dict>
			<key>fileEncoding</key>
			<string>4</string>
			<key>isa</key>
			<string>PBXFileReference</string>
			<key>lastKnownFileType</key>
			<string>sourcecode.swift</string>
			<key>path</key>
			<string>Constants.swift</string>
			<key>sourceTree</key>
			<string>&lt;group&gt;</string>
		</dict>
		<key>26B237001CD04CAE00126756</key>
		<dict>
			<key>fileRef</key>
			<string>26B236FF1CD04CAE00126756</string>
			<key>isa</key>
			<string>PBXBuildFile</string>
		</dict>
		<key>26B237011CD04D6D00126756</key>
		<dict>
			<key>fileEncoding</key>
			<string>4</string>
			<key>isa</key>
			<string>PBXFileReference</string>
			<key>lastKnownFileType</key>
			<string>sourcecode.swift</string>
			<key>path</key>
			<string>MessageListPresenter.swift</string>
			<key>sourceTree</key>
			<string>&lt;group&gt;</string>
		</dict>
		<key>26B237021CD04D6D00126756</key>
		<dict>
			<key>fileRef</key>
			<string>26B237011CD04D6D00126756</string>
			<key>isa</key>
			<string>PBXBuildFile</string>
		</dict>
		<key>26B237031CD04E0D00126756</key>
		<dict>
			<key>fileEncoding</key>
			<string>4</string>
			<key>isa</key>
			<string>PBXFileReference</string>
			<key>lastKnownFileType</key>
			<string>sourcecode.swift</string>
			<key>path</key>
			<string>MessageListInteractor.swift</string>
			<key>sourceTree</key>
			<string>&lt;group&gt;</string>
		</dict>
		<key>26B237041CD04E0D00126756</key>
		<dict>
			<key>fileRef</key>
			<string>26B237031CD04E0D00126756</string>
			<key>isa</key>
			<string>PBXBuildFile</string>
		</dict>
		<key>26B237051CD04E5F00126756</key>
		<dict>
			<key>fileEncoding</key>
			<string>4</string>
			<key>isa</key>
			<string>PBXFileReference</string>
			<key>lastKnownFileType</key>
			<string>sourcecode.swift</string>
			<key>path</key>
			<string>TableViewDataSource.swift</string>
			<key>sourceTree</key>
			<string>&lt;group&gt;</string>
		</dict>
		<key>26B237061CD04E5F00126756</key>
		<dict>
			<key>fileRef</key>
			<string>26B237051CD04E5F00126756</string>
			<key>isa</key>
			<string>PBXBuildFile</string>
		</dict>
		<key>26B237071CD0551000126756</key>
		<dict>
			<key>children</key>
			<array>
				<string>26B237081CD0556100126756</string>
			</array>
			<key>isa</key>
			<string>PBXGroup</string>
			<key>path</key>
			<string>Compose</string>
			<key>sourceTree</key>
			<string>&lt;group&gt;</string>
		</dict>
		<key>26B237081CD0556100126756</key>
		<dict>
			<key>fileEncoding</key>
			<string>4</string>
			<key>isa</key>
			<string>PBXFileReference</string>
			<key>lastKnownFileType</key>
			<string>sourcecode.swift</string>
			<key>path</key>
			<string>ComposeMailMessageViewController.swift</string>
			<key>sourceTree</key>
			<string>&lt;group&gt;</string>
		</dict>
		<key>26B237091CD0556100126756</key>
		<dict>
			<key>fileRef</key>
			<string>26B237081CD0556100126756</string>
			<key>isa</key>
			<string>PBXBuildFile</string>
		</dict>
		<key>3057A4EF702191D217BE361B</key>
		<dict>
			<key>children</key>
			<array>
				<string>2182BFECA382990C3882E554</string>
				<string>93D7AAB2270B62481BBDA57B</string>
			</array>
			<key>isa</key>
			<string>PBXGroup</string>
			<key>name</key>
			<string>Frameworks</string>
			<key>sourceTree</key>
			<string>&lt;group&gt;</string>
		</dict>
		<key>57F88C623D6E020A3B2E157B</key>
		<dict>
			<key>fileRef</key>
			<string>2182BFECA382990C3882E554</string>
			<key>isa</key>
			<string>PBXBuildFile</string>
		</dict>
		<key>93D7AAB2270B62481BBDA57B</key>
		<dict>
			<key>explicitFileType</key>
			<string>wrapper.framework</string>
			<key>includeInIndex</key>
			<string>0</string>
			<key>isa</key>
			<string>PBXFileReference</string>
			<key>path</key>
			<string>Pods_YourBasicMessenger.framework</string>
			<key>sourceTree</key>
			<string>BUILT_PRODUCTS_DIR</string>
		</dict>
		<key>B608B7B1ADB75A9D7C351DEB</key>
		<dict>
			<key>includeInIndex</key>
			<string>1</string>
			<key>isa</key>
			<string>PBXFileReference</string>
			<key>lastKnownFileType</key>
			<string>text.xcconfig</string>
			<key>name</key>
			<string>Pods-YourBasicMessenger.debug.xcconfig</string>
			<key>path</key>
			<string>Pods/Target Support Files/Pods-YourBasicMessenger/Pods-YourBasicMessenger.debug.xcconfig</string>
			<key>sourceTree</key>
			<string>&lt;group&gt;</string>
		</dict>
		<key>BCB03F255B375CD75B6C3F9F</key>
		<dict>
			<key>fileRef</key>
			<string>93D7AAB2270B62481BBDA57B</string>
			<key>isa</key>
			<string>PBXBuildFile</string>
		</dict>
		<key>CDA782430966773643903EC3</key>
		<dict>
			<key>includeInIndex</key>
			<string>1</string>
			<key>isa</key>
			<string>PBXFileReference</string>
			<key>lastKnownFileType</key>
			<string>text.xcconfig</string>
			<key>name</key>
			<string>Pods-YourBasicMessenger.release.xcconfig</string>
			<key>path</key>
			<string>Pods/Target Support Files/Pods-YourBasicMessenger/Pods-YourBasicMessenger.release.xcconfig</string>
			<key>sourceTree</key>
			<string>&lt;group&gt;</string>
		</dict>
		<key>CDF3EF86D9C3314CA563A7C4</key>
		<dict>
			<key>buildActionMask</key>
			<string>2147483647</string>
			<key>files</key>
			<array/>
			<key>inputPaths</key>
			<array/>
			<key>isa</key>
			<string>PBXShellScriptBuildPhase</string>
			<key>name</key>
			<string>Copy Pods Resources</string>
			<key>outputPaths</key>
			<array/>
			<key>runOnlyForDeploymentPostprocessing</key>
			<string>0</string>
			<key>shellPath</key>
			<string>/bin/sh</string>
			<key>shellScript</key>
			<string>"${SRCROOT}/Pods/Target Support Files/Pods-YourBasicMessenger/Pods-YourBasicMessenger-resources.sh"
</string>
			<key>showEnvVarsInLog</key>
			<string>0</string>
		</dict>
		<key>DE52C924DD6B1E5A8C910AA8</key>
		<dict>
			<key>buildActionMask</key>
			<string>2147483647</string>
			<key>files</key>
			<array/>
			<key>inputPaths</key>
			<array/>
			<key>isa</key>
			<string>PBXShellScriptBuildPhase</string>
			<key>name</key>
			<string>Embed Pods Frameworks</string>
			<key>outputPaths</key>
			<array/>
			<key>runOnlyForDeploymentPostprocessing</key>
			<string>0</string>
			<key>shellPath</key>
			<string>/bin/sh</string>
			<key>shellScript</key>
			<string>"${SRCROOT}/Pods/Target Support Files/Pods-YourBasicMessenger/Pods-YourBasicMessenger-frameworks.sh"
</string>
			<key>showEnvVarsInLog</key>
			<string>0</string>
		</dict>
		<key>EA2EC8798763185CB9A40D75</key>
		<dict>
			<key>children</key>
			<array>
				<string>B608B7B1ADB75A9D7C351DEB</string>
				<string>CDA782430966773643903EC3</string>
			</array>
			<key>isa</key>
			<string>PBXGroup</string>
			<key>name</key>
			<string>Pods</string>
			<key>sourceTree</key>
			<string>&lt;group&gt;</string>
		</dict>
	</dict>
	<key>rootObject</key>
	<string>2689E9651CCF74BB007DEE18</string>
</dict>
</plist>
